// !$*UTF8*$!
{
	archiveVersion = 1;
	classes = {
	};
	objectVersion = 46;
	objects = {

/* Begin PBXBuildFile section */
		F820BF931F628A9600D570CF /* SwiftSampleViewController.swift in Sources */ = {isa = PBXBuildFile; fileRef = F820BF921F628A9600D570CF /* SwiftSampleViewController.swift */; };
		F820BF951F628EF300D570CF /* SwiftSampleViewRouter.swift in Sources */ = {isa = PBXBuildFile; fileRef = F820BF941F628EF300D570CF /* SwiftSampleViewRouter.swift */; };
		F82ECABD1F17DC51007168AA /* ZIKCompatibleAlertViewRouter.m in Sources */ = {isa = PBXBuildFile; fileRef = F82ECA701F17DC51007168AA /* ZIKCompatibleAlertViewRouter.m */; };
		F82ECABE1F17DC51007168AA /* ZIKSimpleLabel.m in Sources */ = {isa = PBXBuildFile; fileRef = F82ECA731F17DC51007168AA /* ZIKSimpleLabel.m */; };
		F82ECABF1F17DC51007168AA /* ZIKSimpleLabelRouter.m in Sources */ = {isa = PBXBuildFile; fileRef = F82ECA761F17DC51007168AA /* ZIKSimpleLabelRouter.m */; };
		F82ECAC01F17DC51007168AA /* ZIKInfoViewController.m in Sources */ = {isa = PBXBuildFile; fileRef = F82ECA791F17DC51007168AA /* ZIKInfoViewController.m */; };
		F82ECAC11F17DC51007168AA /* ZIKInfoViewRouter.m in Sources */ = {isa = PBXBuildFile; fileRef = F82ECA7C1F17DC51007168AA /* ZIKInfoViewRouter.m */; };
		F82ECAC21F17DC51007168AA /* ZIKDemoParentViewController.m in Sources */ = {isa = PBXBuildFile; fileRef = F82ECA7F1F17DC51007168AA /* ZIKDemoParentViewController.m */; };
		F82ECAC31F17DC51007168AA /* ZIKDemoParentViewRouter.m in Sources */ = {isa = PBXBuildFile; fileRef = F82ECA811F17DC51007168AA /* ZIKDemoParentViewRouter.m */; };
		F82ECAC41F17DC51007168AA /* ZIKTestAutoCreateViewController.m in Sources */ = {isa = PBXBuildFile; fileRef = F82ECA831F17DC51007168AA /* ZIKTestAutoCreateViewController.m */; };
		F82ECAC51F17DC51007168AA /* ZIKTestAutoCreateViewRouter.m in Sources */ = {isa = PBXBuildFile; fileRef = F82ECA851F17DC51007168AA /* ZIKTestAutoCreateViewRouter.m */; };
		F82ECAC61F17DC51007168AA /* ZIKTestGetDestinationViewController.m in Sources */ = {isa = PBXBuildFile; fileRef = F82ECA881F17DC51007168AA /* ZIKTestGetDestinationViewController.m */; };
		F82ECAC71F17DC51007168AA /* ZIKTestGetDestinationViewRouter.m in Sources */ = {isa = PBXBuildFile; fileRef = F82ECA8A1F17DC51007168AA /* ZIKTestGetDestinationViewRouter.m */; };
		F82ECAC81F17DC51007168AA /* ZIKTestCustomViewController.m in Sources */ = {isa = PBXBuildFile; fileRef = F82ECA8D1F17DC51007168AA /* ZIKTestCustomViewController.m */; };
		F82ECAC91F17DC51007168AA /* ZIKTestCustomViewRouter.m in Sources */ = {isa = PBXBuildFile; fileRef = F82ECA8F1F17DC51007168AA /* ZIKTestCustomViewRouter.m */; };
		F82ECACA1F17DC51007168AA /* ZIKTestAddAsSubviewViewController.m in Sources */ = {isa = PBXBuildFile; fileRef = F82ECA921F17DC51007168AA /* ZIKTestAddAsSubviewViewController.m */; };
		F82ECACB1F17DC51007168AA /* ZIKTestAddAsSubviewViewRouter.m in Sources */ = {isa = PBXBuildFile; fileRef = F82ECA941F17DC51007168AA /* ZIKTestAddAsSubviewViewRouter.m */; };
		F82ECACC1F17DC51007168AA /* ZIKTestAddAsChildViewController.m in Sources */ = {isa = PBXBuildFile; fileRef = F82ECA971F17DC51007168AA /* ZIKTestAddAsChildViewController.m */; };
		F82ECACD1F17DC51007168AA /* ZIKTestAddAsChildViewRouter.m in Sources */ = {isa = PBXBuildFile; fileRef = F82ECA991F17DC51007168AA /* ZIKTestAddAsChildViewRouter.m */; };
		F82ECACE1F17DC51007168AA /* ZIKTestShowDetailViewController.m in Sources */ = {isa = PBXBuildFile; fileRef = F82ECA9C1F17DC51007168AA /* ZIKTestShowDetailViewController.m */; };
		F82ECACF1F17DC51007168AA /* ZIKTestShowDetailViewRouter.m in Sources */ = {isa = PBXBuildFile; fileRef = F82ECA9E1F17DC51007168AA /* ZIKTestShowDetailViewRouter.m */; };
		F82ECAD01F17DC51007168AA /* ZIKTestShowViewController.m in Sources */ = {isa = PBXBuildFile; fileRef = F82ECAA11F17DC51007168AA /* ZIKTestShowViewController.m */; };
		F82ECAD11F17DC51007168AA /* ZIKTestShowViewRouter.m in Sources */ = {isa = PBXBuildFile; fileRef = F82ECAA31F17DC51007168AA /* ZIKTestShowViewRouter.m */; };
		F82ECAD21F17DC51007168AA /* ZIKCustomTransitionSegue.m in Sources */ = {isa = PBXBuildFile; fileRef = F82ECAA61F17DC51007168AA /* ZIKCustomTransitionSegue.m */; };
		F82ECAD31F17DC51007168AA /* ZIKTestPerformSegueViewController.m in Sources */ = {isa = PBXBuildFile; fileRef = F82ECAA81F17DC51007168AA /* ZIKTestPerformSegueViewController.m */; };
		F82ECAD41F17DC51007168AA /* ZIKTestPerformSegueViewRouter.m in Sources */ = {isa = PBXBuildFile; fileRef = F82ECAAA1F17DC51007168AA /* ZIKTestPerformSegueViewRouter.m */; };
		F82ECAD51F17DC51007168AA /* ZIKTestPresentAsPopoverViewController.m in Sources */ = {isa = PBXBuildFile; fileRef = F82ECAAD1F17DC51007168AA /* ZIKTestPresentAsPopoverViewController.m */; };
		F82ECAD61F17DC51007168AA /* ZIKTestPresentAsPopoverViewRouter.m in Sources */ = {isa = PBXBuildFile; fileRef = F82ECAAF1F17DC51007168AA /* ZIKTestPresentAsPopoverViewRouter.m */; };
		F82ECAD71F17DC51007168AA /* ZIKTestPresentModallyViewController.m in Sources */ = {isa = PBXBuildFile; fileRef = F82ECAB21F17DC51007168AA /* ZIKTestPresentModallyViewController.m */; };
		F82ECAD81F17DC51007168AA /* ZIKTestPresentModallyViewRouter.m in Sources */ = {isa = PBXBuildFile; fileRef = F82ECAB41F17DC51007168AA /* ZIKTestPresentModallyViewRouter.m */; };
		F82ECAD91F17DC51007168AA /* ZIKTestPushViewController.m in Sources */ = {isa = PBXBuildFile; fileRef = F82ECAB71F17DC51007168AA /* ZIKTestPushViewController.m */; };
		F82ECADA1F17DC51007168AA /* ZIKTestPushViewRouter.m in Sources */ = {isa = PBXBuildFile; fileRef = F82ECAB91F17DC51007168AA /* ZIKTestPushViewRouter.m */; };
		F82F40F71F94DA2300246596 /* ZIKRouterSwift.framework in Frameworks */ = {isa = PBXBuildFile; fileRef = F82F40F11F94D9BE00246596 /* ZIKRouterSwift.framework */; };
		F82F40F81F94DA2300246596 /* ZIKRouterSwift.framework in Embed Frameworks */ = {isa = PBXBuildFile; fileRef = F82F40F11F94D9BE00246596 /* ZIKRouterSwift.framework */; settings = {ATTRIBUTES = (CodeSignOnCopy, RemoveHeadersOnCopy, ); }; };
		F833152D1F6FBE7900891004 /* ZIKTestServiceRouterViewController.m in Sources */ = {isa = PBXBuildFile; fileRef = F83315251F6FBE7900891004 /* ZIKTestServiceRouterViewController.m */; };
		F833152E1F6FBE7900891004 /* ZIKTestServiceRouterViewRouter.m in Sources */ = {isa = PBXBuildFile; fileRef = F83315271F6FBE7900891004 /* ZIKTestServiceRouterViewRouter.m */; };
		F833152F1F6FBE7900891004 /* ZIKTimeService.m in Sources */ = {isa = PBXBuildFile; fileRef = F83315291F6FBE7900891004 /* ZIKTimeService.m */; };
		F83315301F6FBE7900891004 /* ZIKTimeServiceRouter.m in Sources */ = {isa = PBXBuildFile; fileRef = F833152C1F6FBE7900891004 /* ZIKTimeServiceRouter.m */; };
		F84239CC1F0CDE78000FEE5F /* main.m in Sources */ = {isa = PBXBuildFile; fileRef = F84239CB1F0CDE78000FEE5F /* main.m */; };
		F84239CF1F0CDE78000FEE5F /* AppDelegate.m in Sources */ = {isa = PBXBuildFile; fileRef = F84239CE1F0CDE78000FEE5F /* AppDelegate.m */; };
		F84239D21F0CDE78000FEE5F /* MasterViewController.m in Sources */ = {isa = PBXBuildFile; fileRef = F84239D11F0CDE78000FEE5F /* MasterViewController.m */; };
		F84239D51F0CDE78000FEE5F /* DetailViewController.m in Sources */ = {isa = PBXBuildFile; fileRef = F84239D41F0CDE78000FEE5F /* DetailViewController.m */; };
		F84239D81F0CDE78000FEE5F /* Main.storyboard in Resources */ = {isa = PBXBuildFile; fileRef = F84239D61F0CDE78000FEE5F /* Main.storyboard */; };
		F84239DA1F0CDE78000FEE5F /* Assets.xcassets in Resources */ = {isa = PBXBuildFile; fileRef = F84239D91F0CDE78000FEE5F /* Assets.xcassets */; };
		F84239DD1F0CDE78000FEE5F /* LaunchScreen.storyboard in Resources */ = {isa = PBXBuildFile; fileRef = F84239DB1F0CDE78000FEE5F /* LaunchScreen.storyboard */; };
		F85283B21F8CF43F0093C812 /* ZIKUnroutableViewController.m in Sources */ = {isa = PBXBuildFile; fileRef = F85283B11F8CF43F0093C812 /* ZIKUnroutableViewController.m */; };
		F8611F621F9B4FC5008F35DC /* ZIKRouter.framework in Frameworks */ = {isa = PBXBuildFile; fileRef = F8611F5F1F9B4FBA008F35DC /* ZIKRouter.framework */; };
		F8611F631F9B4FC5008F35DC /* ZIKRouter.framework in Embed Frameworks */ = {isa = PBXBuildFile; fileRef = F8611F5F1F9B4FBA008F35DC /* ZIKRouter.framework */; settings = {ATTRIBUTES = (CodeSignOnCopy, RemoveHeadersOnCopy, ); }; };
		F87317D01F922EB100A5F5D4 /* SwiftServiceRouter.swift in Sources */ = {isa = PBXBuildFile; fileRef = F87317CF1F922EB100A5F5D4 /* SwiftServiceRouter.swift */; };
		F87317D41F923E2000A5F5D4 /* SwiftService.swift in Sources */ = {isa = PBXBuildFile; fileRef = F87317D31F923E2000A5F5D4 /* SwiftService.swift */; };
		F87317D91F924B3C00A5F5D4 /* ZIKTestCircularDependenciesViewController.m in Sources */ = {isa = PBXBuildFile; fileRef = F87317D81F924B3C00A5F5D4 /* ZIKTestCircularDependenciesViewController.m */; };
		F87317DC1F924B6200A5F5D4 /* ZIKTestCircularDependenciesViewRouter.m in Sources */ = {isa = PBXBuildFile; fileRef = F87317DB1F924B6200A5F5D4 /* ZIKTestCircularDependenciesViewRouter.m */; };
		F87317DF1F924EFC00A5F5D4 /* ZIKChildViewRouter.m in Sources */ = {isa = PBXBuildFile; fileRef = F87317DE1F924EFC00A5F5D4 /* ZIKChildViewRouter.m */; };
		F87317E21F924F0C00A5F5D4 /* ZIKChildViewController.m in Sources */ = {isa = PBXBuildFile; fileRef = F87317E11F924F0C00A5F5D4 /* ZIKChildViewController.m */; };
		F8BCCB981F208D2B0051716B /* MasterViewRouter.m in Sources */ = {isa = PBXBuildFile; fileRef = F8BCCB971F208D2B0051716B /* MasterViewRouter.m */; };
/* End PBXBuildFile section */

/* Begin PBXContainerItemProxy section */
		F82F40F01F94D9BE00246596 /* PBXContainerItemProxy */ = {
			isa = PBXContainerItemProxy;
			containerPortal = F82F40E91F94D9BE00246596 /* ZIKRouterSwift.xcodeproj */;
			proxyType = 2;
			remoteGlobalIDString = F82F40D21F94D96000246596;
			remoteInfo = ZIKRouterSwift;
		};
		F82F40F91F94DA2300246596 /* PBXContainerItemProxy */ = {
			isa = PBXContainerItemProxy;
			containerPortal = F82F40E91F94D9BE00246596 /* ZIKRouterSwift.xcodeproj */;
			proxyType = 1;
			remoteGlobalIDString = F82F40D11F94D96000246596;
			remoteInfo = ZIKRouterSwift;
		};
		F8611F5E1F9B4FBA008F35DC /* PBXContainerItemProxy */ = {
			isa = PBXContainerItemProxy;
			containerPortal = F8611F581F9B4FBA008F35DC /* ZIKRouter.xcodeproj */;
			proxyType = 2;
			remoteGlobalIDString = F85F4CFF1F223EB0003106C3;
			remoteInfo = ZIKRouter;
		};
		F8611F601F9B4FBA008F35DC /* PBXContainerItemProxy */ = {
			isa = PBXContainerItemProxy;
			containerPortal = F8611F581F9B4FBA008F35DC /* ZIKRouter.xcodeproj */;
			proxyType = 2;
			remoteGlobalIDString = F85F4D271F2240D2003106C3;
			remoteInfo = libZIKRouter;
		};
		F8611F641F9B4FC5008F35DC /* PBXContainerItemProxy */ = {
			isa = PBXContainerItemProxy;
			containerPortal = F8611F581F9B4FBA008F35DC /* ZIKRouter.xcodeproj */;
			proxyType = 1;
			remoteGlobalIDString = F85F4CFE1F223EB0003106C3;
			remoteInfo = ZIKRouter;
		};
/* End PBXContainerItemProxy section */

/* Begin PBXCopyFilesBuildPhase section */
		F85F4D4C1F22535D003106C3 /* Embed Frameworks */ = {
			isa = PBXCopyFilesBuildPhase;
			buildActionMask = 2147483647;
			dstPath = "";
			dstSubfolderSpec = 10;
			files = (
				F8611F631F9B4FC5008F35DC /* ZIKRouter.framework in Embed Frameworks */,
				F82F40F81F94DA2300246596 /* ZIKRouterSwift.framework in Embed Frameworks */,
			);
			name = "Embed Frameworks";
			runOnlyForDeploymentPostprocessing = 0;
		};
/* End PBXCopyFilesBuildPhase section */

/* Begin PBXFileReference section */
		F820BF911F628A9600D570CF /* ZIKRouterDemo-Bridging-Header.h */ = {isa = PBXFileReference; lastKnownFileType = sourcecode.c.h; path = "ZIKRouterDemo-Bridging-Header.h"; sourceTree = "<group>"; };
		F820BF921F628A9600D570CF /* SwiftSampleViewController.swift */ = {isa = PBXFileReference; fileEncoding = 4; lastKnownFileType = sourcecode.swift; path = SwiftSampleViewController.swift; sourceTree = "<group>"; };
		F820BF941F628EF300D570CF /* SwiftSampleViewRouter.swift */ = {isa = PBXFileReference; fileEncoding = 4; lastKnownFileType = sourcecode.swift; path = SwiftSampleViewRouter.swift; sourceTree = "<group>"; };
		F82ECA6E1F17DC51007168AA /* ZIKCompatibleAlertConfigProtocol.h */ = {isa = PBXFileReference; fileEncoding = 4; lastKnownFileType = sourcecode.c.h; path = ZIKCompatibleAlertConfigProtocol.h; sourceTree = "<group>"; };
		F82ECA6F1F17DC51007168AA /* ZIKCompatibleAlertViewRouter.h */ = {isa = PBXFileReference; fileEncoding = 4; lastKnownFileType = sourcecode.c.h; lineEnding = 0; path = ZIKCompatibleAlertViewRouter.h; sourceTree = "<group>"; xcLanguageSpecificationIdentifier = xcode.lang.objcpp; };
		F82ECA701F17DC51007168AA /* ZIKCompatibleAlertViewRouter.m */ = {isa = PBXFileReference; fileEncoding = 4; lastKnownFileType = sourcecode.c.objc; path = ZIKCompatibleAlertViewRouter.m; sourceTree = "<group>"; };
		F82ECA721F17DC51007168AA /* ZIKSimpleLabel.h */ = {isa = PBXFileReference; fileEncoding = 4; lastKnownFileType = sourcecode.c.h; path = ZIKSimpleLabel.h; sourceTree = "<group>"; };
		F82ECA731F17DC51007168AA /* ZIKSimpleLabel.m */ = {isa = PBXFileReference; fileEncoding = 4; lastKnownFileType = sourcecode.c.objc; path = ZIKSimpleLabel.m; sourceTree = "<group>"; };
		F82ECA741F17DC51007168AA /* ZIKSimpleLabelProtocol.h */ = {isa = PBXFileReference; fileEncoding = 4; lastKnownFileType = sourcecode.c.h; path = ZIKSimpleLabelProtocol.h; sourceTree = "<group>"; };
		F82ECA751F17DC51007168AA /* ZIKSimpleLabelRouter.h */ = {isa = PBXFileReference; fileEncoding = 4; lastKnownFileType = sourcecode.c.h; lineEnding = 0; path = ZIKSimpleLabelRouter.h; sourceTree = "<group>"; xcLanguageSpecificationIdentifier = xcode.lang.objcpp; };
		F82ECA761F17DC51007168AA /* ZIKSimpleLabelRouter.m */ = {isa = PBXFileReference; fileEncoding = 4; lastKnownFileType = sourcecode.c.objc; path = ZIKSimpleLabelRouter.m; sourceTree = "<group>"; };
		F82ECA781F17DC51007168AA /* ZIKInfoViewController.h */ = {isa = PBXFileReference; fileEncoding = 4; lastKnownFileType = sourcecode.c.h; path = ZIKInfoViewController.h; sourceTree = "<group>"; };
		F82ECA791F17DC51007168AA /* ZIKInfoViewController.m */ = {isa = PBXFileReference; fileEncoding = 4; lastKnownFileType = sourcecode.c.objc; path = ZIKInfoViewController.m; sourceTree = "<group>"; };
		F82ECA7A1F17DC51007168AA /* ZIKInfoViewProtocol.h */ = {isa = PBXFileReference; fileEncoding = 4; lastKnownFileType = sourcecode.c.h; path = ZIKInfoViewProtocol.h; sourceTree = "<group>"; };
		F82ECA7B1F17DC51007168AA /* ZIKInfoViewRouter.h */ = {isa = PBXFileReference; fileEncoding = 4; lastKnownFileType = sourcecode.c.h; lineEnding = 0; path = ZIKInfoViewRouter.h; sourceTree = "<group>"; xcLanguageSpecificationIdentifier = xcode.lang.objcpp; };
		F82ECA7C1F17DC51007168AA /* ZIKInfoViewRouter.m */ = {isa = PBXFileReference; fileEncoding = 4; lastKnownFileType = sourcecode.c.objc; path = ZIKInfoViewRouter.m; sourceTree = "<group>"; };
		F82ECA7E1F17DC51007168AA /* ZIKDemoParentViewController.h */ = {isa = PBXFileReference; fileEncoding = 4; lastKnownFileType = sourcecode.c.h; path = ZIKDemoParentViewController.h; sourceTree = "<group>"; };
		F82ECA7F1F17DC51007168AA /* ZIKDemoParentViewController.m */ = {isa = PBXFileReference; fileEncoding = 4; lastKnownFileType = sourcecode.c.objc; lineEnding = 0; path = ZIKDemoParentViewController.m; sourceTree = "<group>"; xcLanguageSpecificationIdentifier = xcode.lang.objc; };
		F82ECA801F17DC51007168AA /* ZIKDemoParentViewRouter.h */ = {isa = PBXFileReference; fileEncoding = 4; lastKnownFileType = sourcecode.c.h; lineEnding = 0; path = ZIKDemoParentViewRouter.h; sourceTree = "<group>"; xcLanguageSpecificationIdentifier = xcode.lang.objcpp; };
		F82ECA811F17DC51007168AA /* ZIKDemoParentViewRouter.m */ = {isa = PBXFileReference; fileEncoding = 4; lastKnownFileType = sourcecode.c.objc; path = ZIKDemoParentViewRouter.m; sourceTree = "<group>"; };
		F82ECA821F17DC51007168AA /* ZIKTestAutoCreateViewController.h */ = {isa = PBXFileReference; fileEncoding = 4; lastKnownFileType = sourcecode.c.h; path = ZIKTestAutoCreateViewController.h; sourceTree = "<group>"; };
		F82ECA831F17DC51007168AA /* ZIKTestAutoCreateViewController.m */ = {isa = PBXFileReference; fileEncoding = 4; lastKnownFileType = sourcecode.c.objc; path = ZIKTestAutoCreateViewController.m; sourceTree = "<group>"; };
		F82ECA841F17DC51007168AA /* ZIKTestAutoCreateViewRouter.h */ = {isa = PBXFileReference; fileEncoding = 4; lastKnownFileType = sourcecode.c.h; lineEnding = 0; path = ZIKTestAutoCreateViewRouter.h; sourceTree = "<group>"; xcLanguageSpecificationIdentifier = xcode.lang.objcpp; };
		F82ECA851F17DC51007168AA /* ZIKTestAutoCreateViewRouter.m */ = {isa = PBXFileReference; fileEncoding = 4; lastKnownFileType = sourcecode.c.objc; path = ZIKTestAutoCreateViewRouter.m; sourceTree = "<group>"; };
		F82ECA871F17DC51007168AA /* ZIKTestGetDestinationViewController.h */ = {isa = PBXFileReference; fileEncoding = 4; lastKnownFileType = sourcecode.c.h; path = ZIKTestGetDestinationViewController.h; sourceTree = "<group>"; };
		F82ECA881F17DC51007168AA /* ZIKTestGetDestinationViewController.m */ = {isa = PBXFileReference; fileEncoding = 4; lastKnownFileType = sourcecode.c.objc; lineEnding = 0; path = ZIKTestGetDestinationViewController.m; sourceTree = "<group>"; xcLanguageSpecificationIdentifier = xcode.lang.objc; };
		F82ECA891F17DC51007168AA /* ZIKTestGetDestinationViewRouter.h */ = {isa = PBXFileReference; fileEncoding = 4; lastKnownFileType = sourcecode.c.h; lineEnding = 0; path = ZIKTestGetDestinationViewRouter.h; sourceTree = "<group>"; xcLanguageSpecificationIdentifier = xcode.lang.objcpp; };
		F82ECA8A1F17DC51007168AA /* ZIKTestGetDestinationViewRouter.m */ = {isa = PBXFileReference; fileEncoding = 4; lastKnownFileType = sourcecode.c.objc; path = ZIKTestGetDestinationViewRouter.m; sourceTree = "<group>"; };
		F82ECA8C1F17DC51007168AA /* ZIKTestCustomViewController.h */ = {isa = PBXFileReference; fileEncoding = 4; lastKnownFileType = sourcecode.c.h; path = ZIKTestCustomViewController.h; sourceTree = "<group>"; };
		F82ECA8D1F17DC51007168AA /* ZIKTestCustomViewController.m */ = {isa = PBXFileReference; fileEncoding = 4; lastKnownFileType = sourcecode.c.objc; lineEnding = 0; path = ZIKTestCustomViewController.m; sourceTree = "<group>"; xcLanguageSpecificationIdentifier = xcode.lang.objc; };
		F82ECA8E1F17DC51007168AA /* ZIKTestCustomViewRouter.h */ = {isa = PBXFileReference; fileEncoding = 4; lastKnownFileType = sourcecode.c.h; lineEnding = 0; path = ZIKTestCustomViewRouter.h; sourceTree = "<group>"; xcLanguageSpecificationIdentifier = xcode.lang.objcpp; };
		F82ECA8F1F17DC51007168AA /* ZIKTestCustomViewRouter.m */ = {isa = PBXFileReference; fileEncoding = 4; lastKnownFileType = sourcecode.c.objc; path = ZIKTestCustomViewRouter.m; sourceTree = "<group>"; };
		F82ECA911F17DC51007168AA /* ZIKTestAddAsSubviewViewController.h */ = {isa = PBXFileReference; fileEncoding = 4; lastKnownFileType = sourcecode.c.h; path = ZIKTestAddAsSubviewViewController.h; sourceTree = "<group>"; };
		F82ECA921F17DC51007168AA /* ZIKTestAddAsSubviewViewController.m */ = {isa = PBXFileReference; fileEncoding = 4; lastKnownFileType = sourcecode.c.objc; lineEnding = 0; path = ZIKTestAddAsSubviewViewController.m; sourceTree = "<group>"; xcLanguageSpecificationIdentifier = xcode.lang.objc; };
		F82ECA931F17DC51007168AA /* ZIKTestAddAsSubviewViewRouter.h */ = {isa = PBXFileReference; fileEncoding = 4; lastKnownFileType = sourcecode.c.h; lineEnding = 0; path = ZIKTestAddAsSubviewViewRouter.h; sourceTree = "<group>"; xcLanguageSpecificationIdentifier = xcode.lang.objcpp; };
		F82ECA941F17DC51007168AA /* ZIKTestAddAsSubviewViewRouter.m */ = {isa = PBXFileReference; fileEncoding = 4; lastKnownFileType = sourcecode.c.objc; path = ZIKTestAddAsSubviewViewRouter.m; sourceTree = "<group>"; };
		F82ECA961F17DC51007168AA /* ZIKTestAddAsChildViewController.h */ = {isa = PBXFileReference; fileEncoding = 4; lastKnownFileType = sourcecode.c.h; path = ZIKTestAddAsChildViewController.h; sourceTree = "<group>"; };
		F82ECA971F17DC51007168AA /* ZIKTestAddAsChildViewController.m */ = {isa = PBXFileReference; fileEncoding = 4; lastKnownFileType = sourcecode.c.objc; lineEnding = 0; path = ZIKTestAddAsChildViewController.m; sourceTree = "<group>"; xcLanguageSpecificationIdentifier = xcode.lang.objc; };
		F82ECA981F17DC51007168AA /* ZIKTestAddAsChildViewRouter.h */ = {isa = PBXFileReference; fileEncoding = 4; lastKnownFileType = sourcecode.c.h; lineEnding = 0; path = ZIKTestAddAsChildViewRouter.h; sourceTree = "<group>"; xcLanguageSpecificationIdentifier = xcode.lang.objcpp; };
		F82ECA991F17DC51007168AA /* ZIKTestAddAsChildViewRouter.m */ = {isa = PBXFileReference; fileEncoding = 4; lastKnownFileType = sourcecode.c.objc; path = ZIKTestAddAsChildViewRouter.m; sourceTree = "<group>"; };
		F82ECA9B1F17DC51007168AA /* ZIKTestShowDetailViewController.h */ = {isa = PBXFileReference; fileEncoding = 4; lastKnownFileType = sourcecode.c.h; path = ZIKTestShowDetailViewController.h; sourceTree = "<group>"; };
		F82ECA9C1F17DC51007168AA /* ZIKTestShowDetailViewController.m */ = {isa = PBXFileReference; fileEncoding = 4; lastKnownFileType = sourcecode.c.objc; path = ZIKTestShowDetailViewController.m; sourceTree = "<group>"; };
		F82ECA9D1F17DC51007168AA /* ZIKTestShowDetailViewRouter.h */ = {isa = PBXFileReference; fileEncoding = 4; lastKnownFileType = sourcecode.c.h; path = ZIKTestShowDetailViewRouter.h; sourceTree = "<group>"; };
		F82ECA9E1F17DC51007168AA /* ZIKTestShowDetailViewRouter.m */ = {isa = PBXFileReference; fileEncoding = 4; lastKnownFileType = sourcecode.c.objc; path = ZIKTestShowDetailViewRouter.m; sourceTree = "<group>"; };
		F82ECAA01F17DC51007168AA /* ZIKTestShowViewController.h */ = {isa = PBXFileReference; fileEncoding = 4; lastKnownFileType = sourcecode.c.h; path = ZIKTestShowViewController.h; sourceTree = "<group>"; };
		F82ECAA11F17DC51007168AA /* ZIKTestShowViewController.m */ = {isa = PBXFileReference; fileEncoding = 4; lastKnownFileType = sourcecode.c.objc; path = ZIKTestShowViewController.m; sourceTree = "<group>"; };
		F82ECAA21F17DC51007168AA /* ZIKTestShowViewRouter.h */ = {isa = PBXFileReference; fileEncoding = 4; lastKnownFileType = sourcecode.c.h; path = ZIKTestShowViewRouter.h; sourceTree = "<group>"; };
		F82ECAA31F17DC51007168AA /* ZIKTestShowViewRouter.m */ = {isa = PBXFileReference; fileEncoding = 4; lastKnownFileType = sourcecode.c.objc; path = ZIKTestShowViewRouter.m; sourceTree = "<group>"; };
		F82ECAA51F17DC51007168AA /* ZIKCustomTransitionSegue.h */ = {isa = PBXFileReference; fileEncoding = 4; lastKnownFileType = sourcecode.c.h; path = ZIKCustomTransitionSegue.h; sourceTree = "<group>"; };
		F82ECAA61F17DC51007168AA /* ZIKCustomTransitionSegue.m */ = {isa = PBXFileReference; fileEncoding = 4; lastKnownFileType = sourcecode.c.objc; path = ZIKCustomTransitionSegue.m; sourceTree = "<group>"; };
		F82ECAA71F17DC51007168AA /* ZIKTestPerformSegueViewController.h */ = {isa = PBXFileReference; fileEncoding = 4; lastKnownFileType = sourcecode.c.h; path = ZIKTestPerformSegueViewController.h; sourceTree = "<group>"; };
		F82ECAA81F17DC51007168AA /* ZIKTestPerformSegueViewController.m */ = {isa = PBXFileReference; fileEncoding = 4; lastKnownFileType = sourcecode.c.objc; lineEnding = 0; path = ZIKTestPerformSegueViewController.m; sourceTree = "<group>"; xcLanguageSpecificationIdentifier = xcode.lang.objc; };
		F82ECAA91F17DC51007168AA /* ZIKTestPerformSegueViewRouter.h */ = {isa = PBXFileReference; fileEncoding = 4; lastKnownFileType = sourcecode.c.h; lineEnding = 0; path = ZIKTestPerformSegueViewRouter.h; sourceTree = "<group>"; xcLanguageSpecificationIdentifier = xcode.lang.objcpp; };
		F82ECAAA1F17DC51007168AA /* ZIKTestPerformSegueViewRouter.m */ = {isa = PBXFileReference; fileEncoding = 4; lastKnownFileType = sourcecode.c.objc; path = ZIKTestPerformSegueViewRouter.m; sourceTree = "<group>"; };
		F82ECAAC1F17DC51007168AA /* ZIKTestPresentAsPopoverViewController.h */ = {isa = PBXFileReference; fileEncoding = 4; lastKnownFileType = sourcecode.c.h; path = ZIKTestPresentAsPopoverViewController.h; sourceTree = "<group>"; };
		F82ECAAD1F17DC51007168AA /* ZIKTestPresentAsPopoverViewController.m */ = {isa = PBXFileReference; fileEncoding = 4; lastKnownFileType = sourcecode.c.objc; lineEnding = 0; path = ZIKTestPresentAsPopoverViewController.m; sourceTree = "<group>"; xcLanguageSpecificationIdentifier = xcode.lang.objc; };
		F82ECAAE1F17DC51007168AA /* ZIKTestPresentAsPopoverViewRouter.h */ = {isa = PBXFileReference; fileEncoding = 4; lastKnownFileType = sourcecode.c.h; lineEnding = 0; path = ZIKTestPresentAsPopoverViewRouter.h; sourceTree = "<group>"; xcLanguageSpecificationIdentifier = xcode.lang.objcpp; };
		F82ECAAF1F17DC51007168AA /* ZIKTestPresentAsPopoverViewRouter.m */ = {isa = PBXFileReference; fileEncoding = 4; lastKnownFileType = sourcecode.c.objc; path = ZIKTestPresentAsPopoverViewRouter.m; sourceTree = "<group>"; };
		F82ECAB11F17DC51007168AA /* ZIKTestPresentModallyViewController.h */ = {isa = PBXFileReference; fileEncoding = 4; lastKnownFileType = sourcecode.c.h; path = ZIKTestPresentModallyViewController.h; sourceTree = "<group>"; };
		F82ECAB21F17DC51007168AA /* ZIKTestPresentModallyViewController.m */ = {isa = PBXFileReference; fileEncoding = 4; lastKnownFileType = sourcecode.c.objc; lineEnding = 0; path = ZIKTestPresentModallyViewController.m; sourceTree = "<group>"; xcLanguageSpecificationIdentifier = xcode.lang.objc; };
		F82ECAB31F17DC51007168AA /* ZIKTestPresentModallyViewRouter.h */ = {isa = PBXFileReference; fileEncoding = 4; lastKnownFileType = sourcecode.c.h; lineEnding = 0; path = ZIKTestPresentModallyViewRouter.h; sourceTree = "<group>"; xcLanguageSpecificationIdentifier = xcode.lang.objcpp; };
		F82ECAB41F17DC51007168AA /* ZIKTestPresentModallyViewRouter.m */ = {isa = PBXFileReference; fileEncoding = 4; lastKnownFileType = sourcecode.c.objc; path = ZIKTestPresentModallyViewRouter.m; sourceTree = "<group>"; };
		F82ECAB61F17DC51007168AA /* ZIKTestPushViewController.h */ = {isa = PBXFileReference; fileEncoding = 4; lastKnownFileType = sourcecode.c.h; path = ZIKTestPushViewController.h; sourceTree = "<group>"; };
		F82ECAB71F17DC51007168AA /* ZIKTestPushViewController.m */ = {isa = PBXFileReference; fileEncoding = 4; lastKnownFileType = sourcecode.c.objc; lineEnding = 0; path = ZIKTestPushViewController.m; sourceTree = "<group>"; xcLanguageSpecificationIdentifier = xcode.lang.objc; };
		F82ECAB81F17DC51007168AA /* ZIKTestPushViewRouter.h */ = {isa = PBXFileReference; fileEncoding = 4; lastKnownFileType = sourcecode.c.h; path = ZIKTestPushViewRouter.h; sourceTree = "<group>"; };
		F82ECAB91F17DC51007168AA /* ZIKTestPushViewRouter.m */ = {isa = PBXFileReference; fileEncoding = 4; lastKnownFileType = sourcecode.c.objc; path = ZIKTestPushViewRouter.m; sourceTree = "<group>"; };
		F82F40E91F94D9BE00246596 /* ZIKRouterSwift.xcodeproj */ = {isa = PBXFileReference; lastKnownFileType = "wrapper.pb-project"; name = ZIKRouterSwift.xcodeproj; path = ../ZIKRouterSwift.xcodeproj; sourceTree = "<group>"; };
		F83315241F6FBE7900891004 /* ZIKTestServiceRouterViewController.h */ = {isa = PBXFileReference; fileEncoding = 4; lastKnownFileType = sourcecode.c.h; path = ZIKTestServiceRouterViewController.h; sourceTree = "<group>"; };
		F83315251F6FBE7900891004 /* ZIKTestServiceRouterViewController.m */ = {isa = PBXFileReference; fileEncoding = 4; lastKnownFileType = sourcecode.c.objc; path = ZIKTestServiceRouterViewController.m; sourceTree = "<group>"; };
		F83315261F6FBE7900891004 /* ZIKTestServiceRouterViewRouter.h */ = {isa = PBXFileReference; fileEncoding = 4; lastKnownFileType = sourcecode.c.h; path = ZIKTestServiceRouterViewRouter.h; sourceTree = "<group>"; };
		F83315271F6FBE7900891004 /* ZIKTestServiceRouterViewRouter.m */ = {isa = PBXFileReference; fileEncoding = 4; lastKnownFileType = sourcecode.c.objc; path = ZIKTestServiceRouterViewRouter.m; sourceTree = "<group>"; };
		F83315281F6FBE7900891004 /* ZIKTimeService.h */ = {isa = PBXFileReference; fileEncoding = 4; lastKnownFileType = sourcecode.c.h; path = ZIKTimeService.h; sourceTree = "<group>"; };
		F83315291F6FBE7900891004 /* ZIKTimeService.m */ = {isa = PBXFileReference; fileEncoding = 4; lastKnownFileType = sourcecode.c.objc; path = ZIKTimeService.m; sourceTree = "<group>"; };
		F833152A1F6FBE7900891004 /* ZIKTimeServiceInput.h */ = {isa = PBXFileReference; fileEncoding = 4; lastKnownFileType = sourcecode.c.h; path = ZIKTimeServiceInput.h; sourceTree = "<group>"; };
		F833152B1F6FBE7900891004 /* ZIKTimeServiceRouter.h */ = {isa = PBXFileReference; fileEncoding = 4; lastKnownFileType = sourcecode.c.h; path = ZIKTimeServiceRouter.h; sourceTree = "<group>"; };
		F833152C1F6FBE7900891004 /* ZIKTimeServiceRouter.m */ = {isa = PBXFileReference; fileEncoding = 4; lastKnownFileType = sourcecode.c.objc; path = ZIKTimeServiceRouter.m; sourceTree = "<group>"; };
		F84239C71F0CDE78000FEE5F /* ZIKRouterDemo.app */ = {isa = PBXFileReference; explicitFileType = wrapper.application; includeInIndex = 0; path = ZIKRouterDemo.app; sourceTree = BUILT_PRODUCTS_DIR; };
		F84239CB1F0CDE78000FEE5F /* main.m */ = {isa = PBXFileReference; lastKnownFileType = sourcecode.c.objc; path = main.m; sourceTree = "<group>"; };
		F84239CD1F0CDE78000FEE5F /* AppDelegate.h */ = {isa = PBXFileReference; lastKnownFileType = sourcecode.c.h; path = AppDelegate.h; sourceTree = "<group>"; };
		F84239CE1F0CDE78000FEE5F /* AppDelegate.m */ = {isa = PBXFileReference; lastKnownFileType = sourcecode.c.objc; path = AppDelegate.m; sourceTree = "<group>"; };
		F84239D01F0CDE78000FEE5F /* MasterViewController.h */ = {isa = PBXFileReference; lastKnownFileType = sourcecode.c.h; path = MasterViewController.h; sourceTree = "<group>"; };
		F84239D11F0CDE78000FEE5F /* MasterViewController.m */ = {isa = PBXFileReference; lastKnownFileType = sourcecode.c.objc; path = MasterViewController.m; sourceTree = "<group>"; };
		F84239D31F0CDE78000FEE5F /* DetailViewController.h */ = {isa = PBXFileReference; lastKnownFileType = sourcecode.c.h; path = DetailViewController.h; sourceTree = "<group>"; };
		F84239D41F0CDE78000FEE5F /* DetailViewController.m */ = {isa = PBXFileReference; lastKnownFileType = sourcecode.c.objc; path = DetailViewController.m; sourceTree = "<group>"; };
		F84239D71F0CDE78000FEE5F /* Base */ = {isa = PBXFileReference; lastKnownFileType = file.storyboard; name = Base; path = Base.lproj/Main.storyboard; sourceTree = "<group>"; };
		F84239D91F0CDE78000FEE5F /* Assets.xcassets */ = {isa = PBXFileReference; lastKnownFileType = folder.assetcatalog; path = Assets.xcassets; sourceTree = "<group>"; };
		F84239DC1F0CDE78000FEE5F /* Base */ = {isa = PBXFileReference; lastKnownFileType = file.storyboard; name = Base; path = Base.lproj/LaunchScreen.storyboard; sourceTree = "<group>"; };
		F84239DE1F0CDE78000FEE5F /* Info.plist */ = {isa = PBXFileReference; lastKnownFileType = text.plist.xml; path = Info.plist; sourceTree = "<group>"; };
		F85283B01F8CF43F0093C812 /* ZIKUnroutableViewController.h */ = {isa = PBXFileReference; lastKnownFileType = sourcecode.c.h; path = ZIKUnroutableViewController.h; sourceTree = "<group>"; };
		F85283B11F8CF43F0093C812 /* ZIKUnroutableViewController.m */ = {isa = PBXFileReference; lastKnownFileType = sourcecode.c.objc; path = ZIKUnroutableViewController.m; sourceTree = "<group>"; };
		F8611F581F9B4FBA008F35DC /* ZIKRouter.xcodeproj */ = {isa = PBXFileReference; lastKnownFileType = "wrapper.pb-project"; name = ZIKRouter.xcodeproj; path = ../ZIKRouter.xcodeproj; sourceTree = "<group>"; };
		F87317CF1F922EB100A5F5D4 /* SwiftServiceRouter.swift */ = {isa = PBXFileReference; lastKnownFileType = sourcecode.swift; path = SwiftServiceRouter.swift; sourceTree = "<group>"; };
		F87317D31F923E2000A5F5D4 /* SwiftService.swift */ = {isa = PBXFileReference; lastKnownFileType = sourcecode.swift; path = SwiftService.swift; sourceTree = "<group>"; };
		F87317D71F924B3C00A5F5D4 /* ZIKTestCircularDependenciesViewController.h */ = {isa = PBXFileReference; lastKnownFileType = sourcecode.c.h; path = ZIKTestCircularDependenciesViewController.h; sourceTree = "<group>"; };
		F87317D81F924B3C00A5F5D4 /* ZIKTestCircularDependenciesViewController.m */ = {isa = PBXFileReference; lastKnownFileType = sourcecode.c.objc; path = ZIKTestCircularDependenciesViewController.m; sourceTree = "<group>"; };
		F87317DA1F924B6200A5F5D4 /* ZIKTestCircularDependenciesViewRouter.h */ = {isa = PBXFileReference; lastKnownFileType = sourcecode.c.h; path = ZIKTestCircularDependenciesViewRouter.h; sourceTree = "<group>"; };
		F87317DB1F924B6200A5F5D4 /* ZIKTestCircularDependenciesViewRouter.m */ = {isa = PBXFileReference; lastKnownFileType = sourcecode.c.objc; path = ZIKTestCircularDependenciesViewRouter.m; sourceTree = "<group>"; };
		F87317DD1F924EFC00A5F5D4 /* ZIKChildViewRouter.h */ = {isa = PBXFileReference; lastKnownFileType = sourcecode.c.h; path = ZIKChildViewRouter.h; sourceTree = "<group>"; };
		F87317DE1F924EFC00A5F5D4 /* ZIKChildViewRouter.m */ = {isa = PBXFileReference; lastKnownFileType = sourcecode.c.objc; path = ZIKChildViewRouter.m; sourceTree = "<group>"; };
		F87317E01F924F0C00A5F5D4 /* ZIKChildViewController.h */ = {isa = PBXFileReference; lastKnownFileType = sourcecode.c.h; path = ZIKChildViewController.h; sourceTree = "<group>"; };
		F87317E11F924F0C00A5F5D4 /* ZIKChildViewController.m */ = {isa = PBXFileReference; lastKnownFileType = sourcecode.c.objc; path = ZIKChildViewController.m; sourceTree = "<group>"; };
		F87317E31F92509F00A5F5D4 /* ZIKParentViewProtocol.h */ = {isa = PBXFileReference; lastKnownFileType = sourcecode.c.h; path = ZIKParentViewProtocol.h; sourceTree = "<group>"; };
		F87317E41F9250AE00A5F5D4 /* ZIKChildViewProtocol.h */ = {isa = PBXFileReference; lastKnownFileType = sourcecode.c.h; path = ZIKChildViewProtocol.h; sourceTree = "<group>"; };
		F8BCCB961F208D2B0051716B /* MasterViewRouter.h */ = {isa = PBXFileReference; fileEncoding = 4; lastKnownFileType = sourcecode.c.h; lineEnding = 0; path = MasterViewRouter.h; sourceTree = "<group>"; xcLanguageSpecificationIdentifier = xcode.lang.objcpp; };
		F8BCCB971F208D2B0051716B /* MasterViewRouter.m */ = {isa = PBXFileReference; fileEncoding = 4; lastKnownFileType = sourcecode.c.objc; path = MasterViewRouter.m; sourceTree = "<group>"; };
/* End PBXFileReference section */

/* Begin PBXFrameworksBuildPhase section */
		F84239C41F0CDE78000FEE5F /* Frameworks */ = {
			isa = PBXFrameworksBuildPhase;
			buildActionMask = 2147483647;
			files = (
				F8611F621F9B4FC5008F35DC /* ZIKRouter.framework in Frameworks */,
				F82F40F71F94DA2300246596 /* ZIKRouterSwift.framework in Frameworks */,
			);
			runOnlyForDeploymentPostprocessing = 0;
		};
/* End PBXFrameworksBuildPhase section */

/* Begin PBXGroup section */
		F820BF8E1F628A5100D570CF /* SwiftSample */ = {
			isa = PBXGroup;
			children = (
				F820BF921F628A9600D570CF /* SwiftSampleViewController.swift */,
				F820BF941F628EF300D570CF /* SwiftSampleViewRouter.swift */,
				F87317CF1F922EB100A5F5D4 /* SwiftServiceRouter.swift */,
				F87317D31F923E2000A5F5D4 /* SwiftService.swift */,
				F820BF911F628A9600D570CF /* ZIKRouterDemo-Bridging-Header.h */,
			);
			path = SwiftSample;
			sourceTree = "<group>";
		};
		F82ECA6D1F17DC51007168AA /* CompatibleAlertView */ = {
			isa = PBXGroup;
			children = (
				F82ECA6E1F17DC51007168AA /* ZIKCompatibleAlertConfigProtocol.h */,
				F82ECA6F1F17DC51007168AA /* ZIKCompatibleAlertViewRouter.h */,
				F82ECA701F17DC51007168AA /* ZIKCompatibleAlertViewRouter.m */,
			);
			path = CompatibleAlertView;
			sourceTree = "<group>";
		};
		F82ECA711F17DC51007168AA /* SimpleLabel */ = {
			isa = PBXGroup;
			children = (
				F82ECA721F17DC51007168AA /* ZIKSimpleLabel.h */,
				F82ECA731F17DC51007168AA /* ZIKSimpleLabel.m */,
				F82ECA741F17DC51007168AA /* ZIKSimpleLabelProtocol.h */,
				F82ECA751F17DC51007168AA /* ZIKSimpleLabelRouter.h */,
				F82ECA761F17DC51007168AA /* ZIKSimpleLabelRouter.m */,
			);
			path = SimpleLabel;
			sourceTree = "<group>";
		};
		F82ECA771F17DC51007168AA /* InfoViewController */ = {
			isa = PBXGroup;
			children = (
				F82ECA781F17DC51007168AA /* ZIKInfoViewController.h */,
				F82ECA791F17DC51007168AA /* ZIKInfoViewController.m */,
				F82ECA7A1F17DC51007168AA /* ZIKInfoViewProtocol.h */,
				F82ECA7B1F17DC51007168AA /* ZIKInfoViewRouter.h */,
				F82ECA7C1F17DC51007168AA /* ZIKInfoViewRouter.m */,
			);
			path = InfoViewController;
			sourceTree = "<group>";
		};
		F82ECA7D1F17DC51007168AA /* TestAutoCreate */ = {
			isa = PBXGroup;
			children = (
				F82ECA7E1F17DC51007168AA /* ZIKDemoParentViewController.h */,
				F82ECA7F1F17DC51007168AA /* ZIKDemoParentViewController.m */,
				F82ECA801F17DC51007168AA /* ZIKDemoParentViewRouter.h */,
				F82ECA811F17DC51007168AA /* ZIKDemoParentViewRouter.m */,
				F82ECA821F17DC51007168AA /* ZIKTestAutoCreateViewController.h */,
				F82ECA831F17DC51007168AA /* ZIKTestAutoCreateViewController.m */,
				F82ECA841F17DC51007168AA /* ZIKTestAutoCreateViewRouter.h */,
				F82ECA851F17DC51007168AA /* ZIKTestAutoCreateViewRouter.m */,
			);
			path = TestAutoCreate;
			sourceTree = "<group>";
		};
		F82ECA861F17DC51007168AA /* TestGetDestination */ = {
			isa = PBXGroup;
			children = (
				F82ECA871F17DC51007168AA /* ZIKTestGetDestinationViewController.h */,
				F82ECA881F17DC51007168AA /* ZIKTestGetDestinationViewController.m */,
				F82ECA891F17DC51007168AA /* ZIKTestGetDestinationViewRouter.h */,
				F82ECA8A1F17DC51007168AA /* ZIKTestGetDestinationViewRouter.m */,
			);
			path = TestGetDestination;
			sourceTree = "<group>";
		};
		F82ECA8B1F17DC51007168AA /* TestCustom */ = {
			isa = PBXGroup;
			children = (
				F82ECA8C1F17DC51007168AA /* ZIKTestCustomViewController.h */,
				F82ECA8D1F17DC51007168AA /* ZIKTestCustomViewController.m */,
				F82ECA8E1F17DC51007168AA /* ZIKTestCustomViewRouter.h */,
				F82ECA8F1F17DC51007168AA /* ZIKTestCustomViewRouter.m */,
			);
			path = TestCustom;
			sourceTree = "<group>";
		};
		F82ECA901F17DC51007168AA /* TestAddAsSubview */ = {
			isa = PBXGroup;
			children = (
				F82ECA911F17DC51007168AA /* ZIKTestAddAsSubviewViewController.h */,
				F82ECA921F17DC51007168AA /* ZIKTestAddAsSubviewViewController.m */,
				F82ECA931F17DC51007168AA /* ZIKTestAddAsSubviewViewRouter.h */,
				F82ECA941F17DC51007168AA /* ZIKTestAddAsSubviewViewRouter.m */,
			);
			path = TestAddAsSubview;
			sourceTree = "<group>";
		};
		F82ECA951F17DC51007168AA /* TestAddAsChild */ = {
			isa = PBXGroup;
			children = (
				F82ECA961F17DC51007168AA /* ZIKTestAddAsChildViewController.h */,
				F82ECA971F17DC51007168AA /* ZIKTestAddAsChildViewController.m */,
				F82ECA981F17DC51007168AA /* ZIKTestAddAsChildViewRouter.h */,
				F82ECA991F17DC51007168AA /* ZIKTestAddAsChildViewRouter.m */,
			);
			path = TestAddAsChild;
			sourceTree = "<group>";
		};
		F82ECA9A1F17DC51007168AA /* TestShowDetail */ = {
			isa = PBXGroup;
			children = (
				F82ECA9B1F17DC51007168AA /* ZIKTestShowDetailViewController.h */,
				F82ECA9C1F17DC51007168AA /* ZIKTestShowDetailViewController.m */,
				F82ECA9D1F17DC51007168AA /* ZIKTestShowDetailViewRouter.h */,
				F82ECA9E1F17DC51007168AA /* ZIKTestShowDetailViewRouter.m */,
			);
			path = TestShowDetail;
			sourceTree = "<group>";
		};
		F82ECA9F1F17DC51007168AA /* TestShow */ = {
			isa = PBXGroup;
			children = (
				F82ECAA01F17DC51007168AA /* ZIKTestShowViewController.h */,
				F82ECAA11F17DC51007168AA /* ZIKTestShowViewController.m */,
				F82ECAA21F17DC51007168AA /* ZIKTestShowViewRouter.h */,
				F82ECAA31F17DC51007168AA /* ZIKTestShowViewRouter.m */,
			);
			path = TestShow;
			sourceTree = "<group>";
		};
		F82ECAA41F17DC51007168AA /* TestPerformSegue */ = {
			isa = PBXGroup;
			children = (
				F82ECAA71F17DC51007168AA /* ZIKTestPerformSegueViewController.h */,
				F82ECAA81F17DC51007168AA /* ZIKTestPerformSegueViewController.m */,
				F85283B01F8CF43F0093C812 /* ZIKUnroutableViewController.h */,
				F85283B11F8CF43F0093C812 /* ZIKUnroutableViewController.m */,
				F82ECAA91F17DC51007168AA /* ZIKTestPerformSegueViewRouter.h */,
				F82ECAAA1F17DC51007168AA /* ZIKTestPerformSegueViewRouter.m */,
				F82ECAA51F17DC51007168AA /* ZIKCustomTransitionSegue.h */,
				F82ECAA61F17DC51007168AA /* ZIKCustomTransitionSegue.m */,
			);
			path = TestPerformSegue;
			sourceTree = "<group>";
		};
		F82ECAAB1F17DC51007168AA /* TestPresentAsPopover */ = {
			isa = PBXGroup;
			children = (
				F82ECAAC1F17DC51007168AA /* ZIKTestPresentAsPopoverViewController.h */,
				F82ECAAD1F17DC51007168AA /* ZIKTestPresentAsPopoverViewController.m */,
				F82ECAAE1F17DC51007168AA /* ZIKTestPresentAsPopoverViewRouter.h */,
				F82ECAAF1F17DC51007168AA /* ZIKTestPresentAsPopoverViewRouter.m */,
			);
			path = TestPresentAsPopover;
			sourceTree = "<group>";
		};
		F82ECAB01F17DC51007168AA /* TestPresentModally */ = {
			isa = PBXGroup;
			children = (
				F82ECAB11F17DC51007168AA /* ZIKTestPresentModallyViewController.h */,
				F82ECAB21F17DC51007168AA /* ZIKTestPresentModallyViewController.m */,
				F82ECAB31F17DC51007168AA /* ZIKTestPresentModallyViewRouter.h */,
				F82ECAB41F17DC51007168AA /* ZIKTestPresentModallyViewRouter.m */,
			);
			path = TestPresentModally;
			sourceTree = "<group>";
		};
		F82ECAB51F17DC51007168AA /* TestPush */ = {
			isa = PBXGroup;
			children = (
				F82ECAB61F17DC51007168AA /* ZIKTestPushViewController.h */,
				F82ECAB71F17DC51007168AA /* ZIKTestPushViewController.m */,
				F82ECAB81F17DC51007168AA /* ZIKTestPushViewRouter.h */,
				F82ECAB91F17DC51007168AA /* ZIKTestPushViewRouter.m */,
			);
			path = TestPush;
			sourceTree = "<group>";
		};
		F82F40EA1F94D9BE00246596 /* Products */ = {
			isa = PBXGroup;
			children = (
				F82F40F11F94D9BE00246596 /* ZIKRouterSwift.framework */,
			);
			name = Products;
			sourceTree = "<group>";
		};
		F83315221F6FBE7900891004 /* TestServiceRouter */ = {
			isa = PBXGroup;
			children = (
				F83315241F6FBE7900891004 /* ZIKTestServiceRouterViewController.h */,
				F83315251F6FBE7900891004 /* ZIKTestServiceRouterViewController.m */,
				F83315261F6FBE7900891004 /* ZIKTestServiceRouterViewRouter.h */,
				F83315271F6FBE7900891004 /* ZIKTestServiceRouterViewRouter.m */,
				F83315311F6FBE9B00891004 /* TimeService */,
			);
			path = TestServiceRouter;
			sourceTree = "<group>";
		};
		F83315311F6FBE9B00891004 /* TimeService */ = {
			isa = PBXGroup;
			children = (
				F83315281F6FBE7900891004 /* ZIKTimeService.h */,
				F83315291F6FBE7900891004 /* ZIKTimeService.m */,
				F833152A1F6FBE7900891004 /* ZIKTimeServiceInput.h */,
				F833152B1F6FBE7900891004 /* ZIKTimeServiceRouter.h */,
				F833152C1F6FBE7900891004 /* ZIKTimeServiceRouter.m */,
			);
			path = TimeService;
			sourceTree = "<group>";
		};
		F84239BE1F0CDE78000FEE5F = {
			isa = PBXGroup;
			children = (
				F8611F581F9B4FBA008F35DC /* ZIKRouter.xcodeproj */,
				F82F40E91F94D9BE00246596 /* ZIKRouterSwift.xcodeproj */,
				F84239C91F0CDE78000FEE5F /* ZIKRouterDemo */,
				F84239C81F0CDE78000FEE5F /* Products */,
			);
			sourceTree = "<group>";
		};
		F84239C81F0CDE78000FEE5F /* Products */ = {
			isa = PBXGroup;
			children = (
				F84239C71F0CDE78000FEE5F /* ZIKRouterDemo.app */,
			);
			name = Products;
			sourceTree = "<group>";
		};
		F84239C91F0CDE78000FEE5F /* ZIKRouterDemo */ = {
			isa = PBXGroup;
			children = (
				F84239CD1F0CDE78000FEE5F /* AppDelegate.h */,
				F84239CE1F0CDE78000FEE5F /* AppDelegate.m */,
				F84239D01F0CDE78000FEE5F /* MasterViewController.h */,
				F84239D11F0CDE78000FEE5F /* MasterViewController.m */,
				F8BCCB961F208D2B0051716B /* MasterViewRouter.h */,
				F8BCCB971F208D2B0051716B /* MasterViewRouter.m */,
				F84239D31F0CDE78000FEE5F /* DetailViewController.h */,
				F84239D41F0CDE78000FEE5F /* DetailViewController.m */,
				F82ECAB51F17DC51007168AA /* TestPush */,
				F82ECAB01F17DC51007168AA /* TestPresentModally */,
				F82ECAAB1F17DC51007168AA /* TestPresentAsPopover */,
				F82ECA9F1F17DC51007168AA /* TestShow */,
				F82ECA9A1F17DC51007168AA /* TestShowDetail */,
				F82ECAA41F17DC51007168AA /* TestPerformSegue */,
				F82ECA951F17DC51007168AA /* TestAddAsChild */,
				F82ECA901F17DC51007168AA /* TestAddAsSubview */,
				F82ECA8B1F17DC51007168AA /* TestCustom */,
				F82ECA861F17DC51007168AA /* TestGetDestination */,
				F82ECA7D1F17DC51007168AA /* TestAutoCreate */,
				F87317D61F924AEC00A5F5D4 /* TestCircularDependencies */,
				F83315221F6FBE7900891004 /* TestServiceRouter */,
				F820BF8E1F628A5100D570CF /* SwiftSample */,
				F82ECA771F17DC51007168AA /* InfoViewController */,
				F82ECA711F17DC51007168AA /* SimpleLabel */,
				F82ECA6D1F17DC51007168AA /* CompatibleAlertView */,
				F84239D61F0CDE78000FEE5F /* Main.storyboard */,
				F84239D91F0CDE78000FEE5F /* Assets.xcassets */,
				F84239DB1F0CDE78000FEE5F /* LaunchScreen.storyboard */,
				F84239DE1F0CDE78000FEE5F /* Info.plist */,
				F84239CA1F0CDE78000FEE5F /* Supporting Files */,
			);
			path = ZIKRouterDemo;
			sourceTree = "<group>";
		};
		F84239CA1F0CDE78000FEE5F /* Supporting Files */ = {
			isa = PBXGroup;
			children = (
				F84239CB1F0CDE78000FEE5F /* main.m */,
			);
			name = "Supporting Files";
			sourceTree = "<group>";
		};
		F8611F591F9B4FBA008F35DC /* Products */ = {
			isa = PBXGroup;
			children = (
				F8611F5F1F9B4FBA008F35DC /* ZIKRouter.framework */,
				F8611F611F9B4FBA008F35DC /* libZIKRouter.a */,
			);
			name = Products;
			sourceTree = "<group>";
		};
		F87317D61F924AEC00A5F5D4 /* TestCircularDependencies */ = {
			isa = PBXGroup;
			children = (
				F87317E31F92509F00A5F5D4 /* ZIKParentViewProtocol.h */,
				F87317D71F924B3C00A5F5D4 /* ZIKTestCircularDependenciesViewController.h */,
				F87317D81F924B3C00A5F5D4 /* ZIKTestCircularDependenciesViewController.m */,
				F87317DA1F924B6200A5F5D4 /* ZIKTestCircularDependenciesViewRouter.h */,
				F87317DB1F924B6200A5F5D4 /* ZIKTestCircularDependenciesViewRouter.m */,
				F87317E41F9250AE00A5F5D4 /* ZIKChildViewProtocol.h */,
				F87317E01F924F0C00A5F5D4 /* ZIKChildViewController.h */,
				F87317E11F924F0C00A5F5D4 /* ZIKChildViewController.m */,
				F87317DD1F924EFC00A5F5D4 /* ZIKChildViewRouter.h */,
				F87317DE1F924EFC00A5F5D4 /* ZIKChildViewRouter.m */,
			);
			path = TestCircularDependencies;
			sourceTree = "<group>";
		};
/* End PBXGroup section */

/* Begin PBXNativeTarget section */
		F84239C61F0CDE78000FEE5F /* ZIKRouterDemo */ = {
			isa = PBXNativeTarget;
			buildConfigurationList = F84239E11F0CDE78000FEE5F /* Build configuration list for PBXNativeTarget "ZIKRouterDemo" */;
			buildPhases = (
				F84239C31F0CDE78000FEE5F /* Sources */,
				F84239C41F0CDE78000FEE5F /* Frameworks */,
				F84239C51F0CDE78000FEE5F /* Resources */,
				F85F4D4C1F22535D003106C3 /* Embed Frameworks */,
			);
			buildRules = (
			);
			dependencies = (
				F82F40FA1F94DA2300246596 /* PBXTargetDependency */,
				F8611F651F9B4FC5008F35DC /* PBXTargetDependency */,
			);
			name = ZIKRouterDemo;
			productName = ZIKRouterDemo;
			productReference = F84239C71F0CDE78000FEE5F /* ZIKRouterDemo.app */;
			productType = "com.apple.product-type.application";
		};
/* End PBXNativeTarget section */

/* Begin PBXProject section */
		F84239BF1F0CDE78000FEE5F /* Project object */ = {
			isa = PBXProject;
			attributes = {
				LastUpgradeCheck = 0900;
				ORGANIZATIONNAME = zuik;
				TargetAttributes = {
					F84239C61F0CDE78000FEE5F = {
						CreatedOnToolsVersion = 8.3.2;
						LastSwiftMigration = 0900;
						ProvisioningStyle = Automatic;
					};
				};
			};
			buildConfigurationList = F84239C21F0CDE78000FEE5F /* Build configuration list for PBXProject "ZIKRouterDemo" */;
			compatibilityVersion = "Xcode 3.2";
			developmentRegion = English;
			hasScannedForEncodings = 0;
			knownRegions = (
				en,
				Base,
			);
			mainGroup = F84239BE1F0CDE78000FEE5F;
			productRefGroup = F84239C81F0CDE78000FEE5F /* Products */;
			projectDirPath = "";
			projectReferences = (
				{
					ProductGroup = F8611F591F9B4FBA008F35DC /* Products */;
					ProjectRef = F8611F581F9B4FBA008F35DC /* ZIKRouter.xcodeproj */;
				},
				{
					ProductGroup = F82F40EA1F94D9BE00246596 /* Products */;
					ProjectRef = F82F40E91F94D9BE00246596 /* ZIKRouterSwift.xcodeproj */;
				},
			);
			projectRoot = "";
			targets = (
				F84239C61F0CDE78000FEE5F /* ZIKRouterDemo */,
			);
		};
/* End PBXProject section */

/* Begin PBXReferenceProxy section */
		F82F40F11F94D9BE00246596 /* ZIKRouterSwift.framework */ = {
			isa = PBXReferenceProxy;
			fileType = wrapper.framework;
			path = ZIKRouterSwift.framework;
			remoteRef = F82F40F01F94D9BE00246596 /* PBXContainerItemProxy */;
			sourceTree = BUILT_PRODUCTS_DIR;
		};
		F8611F5F1F9B4FBA008F35DC /* ZIKRouter.framework */ = {
			isa = PBXReferenceProxy;
			fileType = wrapper.framework;
			path = ZIKRouter.framework;
			remoteRef = F8611F5E1F9B4FBA008F35DC /* PBXContainerItemProxy */;
			sourceTree = BUILT_PRODUCTS_DIR;
		};
		F8611F611F9B4FBA008F35DC /* libZIKRouter.a */ = {
			isa = PBXReferenceProxy;
			fileType = archive.ar;
			path = libZIKRouter.a;
			remoteRef = F8611F601F9B4FBA008F35DC /* PBXContainerItemProxy */;
			sourceTree = BUILT_PRODUCTS_DIR;
		};
/* End PBXReferenceProxy section */

/* Begin PBXResourcesBuildPhase section */
		F84239C51F0CDE78000FEE5F /* Resources */ = {
			isa = PBXResourcesBuildPhase;
			buildActionMask = 2147483647;
			files = (
				F84239DD1F0CDE78000FEE5F /* LaunchScreen.storyboard in Resources */,
				F84239DA1F0CDE78000FEE5F /* Assets.xcassets in Resources */,
				F84239D81F0CDE78000FEE5F /* Main.storyboard in Resources */,
			);
			runOnlyForDeploymentPostprocessing = 0;
		};
/* End PBXResourcesBuildPhase section */

/* Begin PBXSourcesBuildPhase section */
		F84239C31F0CDE78000FEE5F /* Sources */ = {
			isa = PBXSourcesBuildPhase;
			buildActionMask = 2147483647;
			files = (
				F82ECAC11F17DC51007168AA /* ZIKInfoViewRouter.m in Sources */,
				F82ECAC91F17DC51007168AA /* ZIKTestCustomViewRouter.m in Sources */,
				F82ECADA1F17DC51007168AA /* ZIKTestPushViewRouter.m in Sources */,
				F82ECAD01F17DC51007168AA /* ZIKTestShowViewController.m in Sources */,
				F82ECAC41F17DC51007168AA /* ZIKTestAutoCreateViewController.m in Sources */,
				F82ECAC51F17DC51007168AA /* ZIKTestAutoCreateViewRouter.m in Sources */,
				F82ECAC01F17DC51007168AA /* ZIKInfoViewController.m in Sources */,
				F82ECAC61F17DC51007168AA /* ZIKTestGetDestinationViewController.m in Sources */,
				F82ECAC21F17DC51007168AA /* ZIKDemoParentViewController.m in Sources */,
				F84239CF1F0CDE78000FEE5F /* AppDelegate.m in Sources */,
				F85283B21F8CF43F0093C812 /* ZIKUnroutableViewController.m in Sources */,
				F84239D21F0CDE78000FEE5F /* MasterViewController.m in Sources */,
				F87317DF1F924EFC00A5F5D4 /* ZIKChildViewRouter.m in Sources */,
				F82ECAD61F17DC51007168AA /* ZIKTestPresentAsPopoverViewRouter.m in Sources */,
				F82ECABD1F17DC51007168AA /* ZIKCompatibleAlertViewRouter.m in Sources */,
				F84239CC1F0CDE78000FEE5F /* main.m in Sources */,
				F82ECAD21F17DC51007168AA /* ZIKCustomTransitionSegue.m in Sources */,
				F82ECACA1F17DC51007168AA /* ZIKTestAddAsSubviewViewController.m in Sources */,
				F82ECACF1F17DC51007168AA /* ZIKTestShowDetailViewRouter.m in Sources */,
				F87317D41F923E2000A5F5D4 /* SwiftService.swift in Sources */,
				F82ECAD81F17DC51007168AA /* ZIKTestPresentModallyViewRouter.m in Sources */,
				F833152F1F6FBE7900891004 /* ZIKTimeService.m in Sources */,
				F87317D01F922EB100A5F5D4 /* SwiftServiceRouter.swift in Sources */,
				F82ECACB1F17DC51007168AA /* ZIKTestAddAsSubviewViewRouter.m in Sources */,
				F820BF951F628EF300D570CF /* SwiftSampleViewRouter.swift in Sources */,
				F82ECAC81F17DC51007168AA /* ZIKTestCustomViewController.m in Sources */,
				F82ECACC1F17DC51007168AA /* ZIKTestAddAsChildViewController.m in Sources */,
				F82ECAD31F17DC51007168AA /* ZIKTestPerformSegueViewController.m in Sources */,
				F820BF931F628A9600D570CF /* SwiftSampleViewController.swift in Sources */,
				F84239D51F0CDE78000FEE5F /* DetailViewController.m in Sources */,
				F82ECAD91F17DC51007168AA /* ZIKTestPushViewController.m in Sources */,
				F82ECAC71F17DC51007168AA /* ZIKTestGetDestinationViewRouter.m in Sources */,
				F8BCCB981F208D2B0051716B /* MasterViewRouter.m in Sources */,
				F82ECAC31F17DC51007168AA /* ZIKDemoParentViewRouter.m in Sources */,
				F87317DC1F924B6200A5F5D4 /* ZIKTestCircularDependenciesViewRouter.m in Sources */,
				F82ECAD71F17DC51007168AA /* ZIKTestPresentModallyViewController.m in Sources */,
				F83315301F6FBE7900891004 /* ZIKTimeServiceRouter.m in Sources */,
				F87317D91F924B3C00A5F5D4 /* ZIKTestCircularDependenciesViewController.m in Sources */,
				F82ECACD1F17DC51007168AA /* ZIKTestAddAsChildViewRouter.m in Sources */,
				F82ECAD41F17DC51007168AA /* ZIKTestPerformSegueViewRouter.m in Sources */,
				F82ECACE1F17DC51007168AA /* ZIKTestShowDetailViewController.m in Sources */,
				F82ECABF1F17DC51007168AA /* ZIKSimpleLabelRouter.m in Sources */,
				F87317E21F924F0C00A5F5D4 /* ZIKChildViewController.m in Sources */,
				F82ECAD51F17DC51007168AA /* ZIKTestPresentAsPopoverViewController.m in Sources */,
				F833152D1F6FBE7900891004 /* ZIKTestServiceRouterViewController.m in Sources */,
				F82ECABE1F17DC51007168AA /* ZIKSimpleLabel.m in Sources */,
				F833152E1F6FBE7900891004 /* ZIKTestServiceRouterViewRouter.m in Sources */,
				F82ECAD11F17DC51007168AA /* ZIKTestShowViewRouter.m in Sources */,
			);
			runOnlyForDeploymentPostprocessing = 0;
		};
/* End PBXSourcesBuildPhase section */

/* Begin PBXTargetDependency section */
		F82F40FA1F94DA2300246596 /* PBXTargetDependency */ = {
			isa = PBXTargetDependency;
			name = ZIKRouterSwift;
			targetProxy = F82F40F91F94DA2300246596 /* PBXContainerItemProxy */;
		};
		F8611F651F9B4FC5008F35DC /* PBXTargetDependency */ = {
			isa = PBXTargetDependency;
			name = ZIKRouter;
			targetProxy = F8611F641F9B4FC5008F35DC /* PBXContainerItemProxy */;
		};
/* End PBXTargetDependency section */

/* Begin PBXVariantGroup section */
		F84239D61F0CDE78000FEE5F /* Main.storyboard */ = {
			isa = PBXVariantGroup;
			children = (
				F84239D71F0CDE78000FEE5F /* Base */,
			);
			name = Main.storyboard;
			sourceTree = "<group>";
		};
		F84239DB1F0CDE78000FEE5F /* LaunchScreen.storyboard */ = {
			isa = PBXVariantGroup;
			children = (
				F84239DC1F0CDE78000FEE5F /* Base */,
			);
			name = LaunchScreen.storyboard;
			sourceTree = "<group>";
		};
/* End PBXVariantGroup section */

/* Begin XCBuildConfiguration section */
		F84239DF1F0CDE78000FEE5F /* Debug */ = {
			isa = XCBuildConfiguration;
			buildSettings = {
				ALWAYS_SEARCH_USER_PATHS = NO;
				CLANG_ANALYZER_NONNULL = YES;
				CLANG_ANALYZER_NUMBER_OBJECT_CONVERSION = YES_AGGRESSIVE;
				CLANG_CXX_LANGUAGE_STANDARD = "gnu++0x";
				CLANG_CXX_LIBRARY = "libc++";
				CLANG_ENABLE_MODULES = YES;
				CLANG_ENABLE_OBJC_ARC = YES;
				CLANG_WARN_BLOCK_CAPTURE_AUTORELEASING = YES;
				CLANG_WARN_BOOL_CONVERSION = YES;
				CLANG_WARN_COMMA = YES;
				CLANG_WARN_CONSTANT_CONVERSION = YES;
				CLANG_WARN_DIRECT_OBJC_ISA_USAGE = YES_ERROR;
				CLANG_WARN_DOCUMENTATION_COMMENTS = YES;
				CLANG_WARN_EMPTY_BODY = YES;
				CLANG_WARN_ENUM_CONVERSION = YES;
				CLANG_WARN_INFINITE_RECURSION = YES;
				CLANG_WARN_INT_CONVERSION = YES;
				CLANG_WARN_NON_LITERAL_NULL_CONVERSION = YES;
				CLANG_WARN_OBJC_LITERAL_CONVERSION = YES;
				CLANG_WARN_OBJC_ROOT_CLASS = YES_ERROR;
				CLANG_WARN_RANGE_LOOP_ANALYSIS = YES;
				CLANG_WARN_STRICT_PROTOTYPES = YES;
				CLANG_WARN_SUSPICIOUS_MOVE = YES;
				CLANG_WARN_UNREACHABLE_CODE = YES;
				CLANG_WARN__DUPLICATE_METHOD_MATCH = YES;
				"CODE_SIGN_IDENTITY[sdk=iphoneos*]" = "iPhone Developer";
				COPY_PHASE_STRIP = NO;
				DEBUG_INFORMATION_FORMAT = dwarf;
				ENABLE_STRICT_OBJC_MSGSEND = YES;
				ENABLE_TESTABILITY = YES;
				GCC_C_LANGUAGE_STANDARD = gnu99;
				GCC_DYNAMIC_NO_PIC = NO;
				GCC_NO_COMMON_BLOCKS = YES;
				GCC_OPTIMIZATION_LEVEL = 0;
				GCC_PREPROCESSOR_DEFINITIONS = (
					"DEBUG=1",
					"$(inherited)",
				);
				GCC_WARN_64_TO_32_BIT_CONVERSION = YES;
				GCC_WARN_ABOUT_RETURN_TYPE = YES_ERROR;
				GCC_WARN_UNDECLARED_SELECTOR = YES;
				GCC_WARN_UNINITIALIZED_AUTOS = YES_AGGRESSIVE;
				GCC_WARN_UNUSED_FUNCTION = YES;
				GCC_WARN_UNUSED_VARIABLE = YES;
				IPHONEOS_DEPLOYMENT_TARGET = 8.0;
				MTL_ENABLE_DEBUG_INFO = YES;
				ONLY_ACTIVE_ARCH = YES;
				SDKROOT = iphoneos;
				SWIFT_OPTIMIZATION_LEVEL = "-Onone";
				TARGETED_DEVICE_FAMILY = "1,2";
			};
			name = Debug;
		};
		F84239E01F0CDE78000FEE5F /* Release */ = {
			isa = XCBuildConfiguration;
			buildSettings = {
				ALWAYS_SEARCH_USER_PATHS = NO;
				CLANG_ANALYZER_NONNULL = YES;
				CLANG_ANALYZER_NUMBER_OBJECT_CONVERSION = YES_AGGRESSIVE;
				CLANG_CXX_LANGUAGE_STANDARD = "gnu++0x";
				CLANG_CXX_LIBRARY = "libc++";
				CLANG_ENABLE_MODULES = YES;
				CLANG_ENABLE_OBJC_ARC = YES;
				CLANG_WARN_BLOCK_CAPTURE_AUTORELEASING = YES;
				CLANG_WARN_BOOL_CONVERSION = YES;
				CLANG_WARN_COMMA = YES;
				CLANG_WARN_CONSTANT_CONVERSION = YES;
				CLANG_WARN_DIRECT_OBJC_ISA_USAGE = YES_ERROR;
				CLANG_WARN_DOCUMENTATION_COMMENTS = YES;
				CLANG_WARN_EMPTY_BODY = YES;
				CLANG_WARN_ENUM_CONVERSION = YES;
				CLANG_WARN_INFINITE_RECURSION = YES;
				CLANG_WARN_INT_CONVERSION = YES;
				CLANG_WARN_NON_LITERAL_NULL_CONVERSION = YES;
				CLANG_WARN_OBJC_LITERAL_CONVERSION = YES;
				CLANG_WARN_OBJC_ROOT_CLASS = YES_ERROR;
				CLANG_WARN_RANGE_LOOP_ANALYSIS = YES;
				CLANG_WARN_STRICT_PROTOTYPES = YES;
				CLANG_WARN_SUSPICIOUS_MOVE = YES;
				CLANG_WARN_UNREACHABLE_CODE = YES;
				CLANG_WARN__DUPLICATE_METHOD_MATCH = YES;
				"CODE_SIGN_IDENTITY[sdk=iphoneos*]" = "iPhone Developer";
				COPY_PHASE_STRIP = NO;
				DEBUG_INFORMATION_FORMAT = "dwarf-with-dsym";
				ENABLE_NS_ASSERTIONS = NO;
				ENABLE_STRICT_OBJC_MSGSEND = YES;
				GCC_C_LANGUAGE_STANDARD = gnu99;
				GCC_NO_COMMON_BLOCKS = YES;
				GCC_WARN_64_TO_32_BIT_CONVERSION = YES;
				GCC_WARN_ABOUT_RETURN_TYPE = YES_ERROR;
				GCC_WARN_UNDECLARED_SELECTOR = YES;
				GCC_WARN_UNINITIALIZED_AUTOS = YES_AGGRESSIVE;
				GCC_WARN_UNUSED_FUNCTION = YES;
				GCC_WARN_UNUSED_VARIABLE = YES;
				IPHONEOS_DEPLOYMENT_TARGET = 8.0;
				MTL_ENABLE_DEBUG_INFO = NO;
				SDKROOT = iphoneos;
				SWIFT_OPTIMIZATION_LEVEL = "-Owholemodule";
				TARGETED_DEVICE_FAMILY = "1,2";
				VALIDATE_PRODUCT = YES;
			};
			name = Release;
		};
		F84239E21F0CDE78000FEE5F /* Debug */ = {
			isa = XCBuildConfiguration;
			buildSettings = {
				ALWAYS_EMBED_SWIFT_STANDARD_LIBRARIES = YES;
				ASSETCATALOG_COMPILER_APPICON_NAME = AppIcon;
				CLANG_ENABLE_MODULES = YES;
				DEVELOPMENT_TEAM = "";
				INFOPLIST_FILE = ZIKRouterDemo/Info.plist;
				IPHONEOS_DEPLOYMENT_TARGET = 8.0;
				LD_RUNPATH_SEARCH_PATHS = "$(inherited) @executable_path/Frameworks";
				OTHER_CFLAGS = "-Werror=incompatible-pointer-types";
				OTHER_LDFLAGS = "-all_load";
				PRODUCT_BUNDLE_IDENTIFIER = com.zuik.ZIKRouterDemo;
				PRODUCT_NAME = "$(TARGET_NAME)";
				STRIP_STYLE = all;
				STRIP_SWIFT_SYMBOLS = YES;
				SWIFT_OBJC_BRIDGING_HEADER = "ZIKRouterDemo/SwiftSample/ZIKRouterDemo-Bridging-Header.h";
				SWIFT_OPTIMIZATION_LEVEL = "-Onone";
				SWIFT_SWIFT3_OBJC_INFERENCE = Default;
				SWIFT_VERSION = 4.0;
			};
			name = Debug;
		};
		F84239E31F0CDE78000FEE5F /* Release */ = {
			isa = XCBuildConfiguration;
			buildSettings = {
				ALWAYS_EMBED_SWIFT_STANDARD_LIBRARIES = YES;
				ASSETCATALOG_COMPILER_APPICON_NAME = AppIcon;
				CLANG_ENABLE_MODULES = YES;
				DEVELOPMENT_TEAM = "";
				INFOPLIST_FILE = ZIKRouterDemo/Info.plist;
				IPHONEOS_DEPLOYMENT_TARGET = 8.0;
				LD_RUNPATH_SEARCH_PATHS = "$(inherited) @executable_path/Frameworks";
				OTHER_CFLAGS = "-Werror=incompatible-pointer-types";
				OTHER_LDFLAGS = "-all_load";
				PRODUCT_BUNDLE_IDENTIFIER = com.zuik.ZIKRouterDemo;
				PRODUCT_NAME = "$(TARGET_NAME)";
				STRIP_SWIFT_SYMBOLS = YES;
				SWIFT_OBJC_BRIDGING_HEADER = "ZIKRouterDemo/SwiftSample/ZIKRouterDemo-Bridging-Header.h";
				SWIFT_SWIFT3_OBJC_INFERENCE = Default;
				SWIFT_VERSION = 4.0;
			};
			name = Release;
		};
/* End XCBuildConfiguration section */

/* Begin XCConfigurationList section */
		F84239C21F0CDE78000FEE5F /* Build configuration list for PBXProject "ZIKRouterDemo" */ = {
			isa = XCConfigurationList;
			buildConfigurations = (
				F84239DF1F0CDE78000FEE5F /* Debug */,
				F84239E01F0CDE78000FEE5F /* Release */,
			);
			defaultConfigurationIsVisible = 0;
			defaultConfigurationName = Release;
		};
		F84239E11F0CDE78000FEE5F /* Build configuration list for PBXNativeTarget "ZIKRouterDemo" */ = {
			isa = XCConfigurationList;
			buildConfigurations = (
				F84239E21F0CDE78000FEE5F /* Debug */,
				F84239E31F0CDE78000FEE5F /* Release */,
			);
			defaultConfigurationIsVisible = 0;
			defaultConfigurationName = Release;
		};
/* End XCConfigurationList section */
	};
	rootObject = F84239BF1F0CDE78000FEE5F /* Project object */;
}
